
Microsoft Visual Studio Solution File, Format Version 12.00
# Visual Studio Version 16
VisualStudioVersion = 16.0.29025.244
MinimumVisualStudioVersion = 10.0.40219.1
Project("{9A19103F-16F7-4668-BE54-9A1E7A4F7556}") = "UploadR.Database", "src\UploadR.Database\UploadR.Database.csproj", "{336CA9EF-C7E6-4D5C-97DD-00F6F670AF90}"
EndProject
Project("{FAE04EC0-301F-11D3-BF4B-00C04F79EFBC}") = "UploadR.Test", "src\UploadR.Test\UploadR.Test.csproj", "{C0DE99EC-A3EB-4176-B3B3-C71EBEC61542}"
EndProject
Project("{FAE04EC0-301F-11D3-BF4B-00C04F79EFBC}") = "UploadR", "src\UploadR\UploadR.csproj", "{2253A588-2C5E-4792-BA6B-59D15D31B4B0}"
EndProject
Global
	GlobalSection(SolutionConfigurationPlatforms) = preSolution
		Debug|Any CPU = Debug|Any CPU
		Release|Any CPU = Release|Any CPU
	EndGlobalSection
	GlobalSection(ProjectConfigurationPlatforms) = postSolution
		{336CA9EF-C7E6-4D5C-97DD-00F6F670AF90}.Debug|Any CPU.ActiveCfg = Debug|Any CPU
		{336CA9EF-C7E6-4D5C-97DD-00F6F670AF90}.Debug|Any CPU.Build.0 = Debug|Any CPU
		{336CA9EF-C7E6-4D5C-97DD-00F6F670AF90}.Release|Any CPU.ActiveCfg = Release|Any CPU
		{336CA9EF-C7E6-4D5C-97DD-00F6F670AF90}.Release|Any CPU.Build.0 = Release|Any CPU
		{C0DE99EC-A3EB-4176-B3B3-C71EBEC61542}.Debug|Any CPU.ActiveCfg = Debug|Any CPU
		{C0DE99EC-A3EB-4176-B3B3-C71EBEC61542}.Debug|Any CPU.Build.0 = Debug|Any CPU
		{C0DE99EC-A3EB-4176-B3B3-C71EBEC61542}.Release|Any CPU.ActiveCfg = Release|Any CPU
		{C0DE99EC-A3EB-4176-B3B3-C71EBEC61542}.Release|Any CPU.Build.0 = Release|Any CPU
		{2253A588-2C5E-4792-BA6B-59D15D31B4B0}.Debug|Any CPU.ActiveCfg = Debug|Any CPU
		{2253A588-2C5E-4792-BA6B-59D15D31B4B0}.Debug|Any CPU.Build.0 = Debug|Any CPU
		{2253A588-2C5E-4792-BA6B-59D15D31B4B0}.Release|Any CPU.ActiveCfg = Release|Any CPU
		{2253A588-2C5E-4792-BA6B-59D15D31B4B0}.Release|Any CPU.Build.0 = Release|Any CPU
	EndGlobalSection
	GlobalSection(SolutionProperties) = preSolution
		HideSolutionNode = FALSE
	EndGlobalSection
	GlobalSection(ExtensibilityGlobals) = postSolution
		SolutionGuid = {340E7DAB-E0EA-446D-8AC1-6337FCC20C46}
	EndGlobalSection
EndGlobal
